
Microsoft Visual Studio Solution File, Format Version 12.00
# Visual Studio Version 17
VisualStudioVersion = 17.0.31903.59
MinimumVisualStudioVersion = 10.0.40219.1
Project("{2150E333-8FDC-42A3-9474-1A3956D46DE8}") = "src", "src", "{827E0CD3-B72D-47B6-A68D-7590B98EB39B}"
EndProject
Project("{FAE04EC0-301F-11D3-BF4B-00C04F79EFBC}") = "StellarLeasing.Domain", "src\StellarLeasing.Domain\StellarLeasing.Domain.csproj", "{87917B1C-44B1-42B9-A7DB-45B5B451B7B7}"
EndProject
Project("{FAE04EC0-301F-11D3-BF4B-00C04F79EFBC}") = "StellarLeasing.Application", "src\StellarLeasing.Application\StellarLeasing.Application.csproj", "{238728E7-1A59-4A8C-917F-52E278BD0CD3}"
EndProject
Project("{FAE04EC0-301F-11D3-BF4B-00C04F79EFBC}") = "StellarLeasing.Infrastructure", "src\StellarLeasing.Infrastructure\StellarLeasing.Infrastructure.csproj", "{A24960CB-8EE7-4755-96FF-524C723E2231}"
EndProject
Project("{FAE04EC0-301F-11D3-BF4B-00C04F79EFBC}") = "StellarLeasing.Api", "src\StellarLeasing.Api\StellarLeasing.Api.csproj", "{723F13CD-6788-4611-8CF3-1DCDCE715198}"
EndProject
Project("{FAE04EC0-301F-11D3-BF4B-00C04F79EFBC}") = "StellarLeasing.Worker", "src\StellarLeasing.Worker\StellarLeasing.Worker.csproj", "{744E17A7-929B-41CD-9437-379B40A2297F}"
EndProject
Global
	GlobalSection(SolutionConfigurationPlatforms) = preSolution
		Debug|Any CPU = Debug|Any CPU
		Debug|x64 = Debug|x64
		Debug|x86 = Debug|x86
		Release|Any CPU = Release|Any CPU
		Release|x64 = Release|x64
		Release|x86 = Release|x86
	EndGlobalSection
	GlobalSection(ProjectConfigurationPlatforms) = postSolution
		{87917B1C-44B1-42B9-A7DB-45B5B451B7B7}.Debug|Any CPU.ActiveCfg = Debug|Any CPU
		{87917B1C-44B1-42B9-A7DB-45B5B451B7B7}.Debug|Any CPU.Build.0 = Debug|Any CPU
		{87917B1C-44B1-42B9-A7DB-45B5B451B7B7}.Debug|x64.ActiveCfg = Debug|Any CPU
		{87917B1C-44B1-42B9-A7DB-45B5B451B7B7}.Debug|x64.Build.0 = Debug|Any CPU
		{87917B1C-44B1-42B9-A7DB-45B5B451B7B7}.Debug|x86.ActiveCfg = Debug|Any CPU
		{87917B1C-44B1-42B9-A7DB-45B5B451B7B7}.Debug|x86.Build.0 = Debug|Any CPU
		{87917B1C-44B1-42B9-A7DB-45B5B451B7B7}.Release|Any CPU.ActiveCfg = Release|Any CPU
		{87917B1C-44B1-42B9-A7DB-45B5B451B7B7}.Release|Any CPU.Build.0 = Release|Any CPU
		{87917B1C-44B1-42B9-A7DB-45B5B451B7B7}.Release|x64.ActiveCfg = Release|Any CPU
		{87917B1C-44B1-42B9-A7DB-45B5B451B7B7}.Release|x64.Build.0 = Release|Any CPU
		{87917B1C-44B1-42B9-A7DB-45B5B451B7B7}.Release|x86.ActiveCfg = Release|Any CPU
		{87917B1C-44B1-42B9-A7DB-45B5B451B7B7}.Release|x86.Build.0 = Release|Any CPU
		{238728E7-1A59-4A8C-917F-52E278BD0CD3}.Debug|Any CPU.ActiveCfg = Debug|Any CPU
		{238728E7-1A59-4A8C-917F-52E278BD0CD3}.Debug|Any CPU.Build.0 = Debug|Any CPU
		{238728E7-1A59-4A8C-917F-52E278BD0CD3}.Debug|x64.ActiveCfg = Debug|Any CPU
		{238728E7-1A59-4A8C-917F-52E278BD0CD3}.Debug|x64.Build.0 = Debug|Any CPU
		{238728E7-1A59-4A8C-917F-52E278BD0CD3}.Debug|x86.ActiveCfg = Debug|Any CPU
		{238728E7-1A59-4A8C-917F-52E278BD0CD3}.Debug|x86.Build.0 = Debug|Any CPU
		{238728E7-1A59-4A8C-917F-52E278BD0CD3}.Release|Any CPU.ActiveCfg = Release|Any CPU
		{238728E7-1A59-4A8C-917F-52E278BD0CD3}.Release|Any CPU.Build.0 = Release|Any CPU
		{238728E7-1A59-4A8C-917F-52E278BD0CD3}.Release|x64.ActiveCfg = Release|Any CPU
		{238728E7-1A59-4A8C-917F-52E278BD0CD3}.Release|x64.Build.0 = Release|Any CPU
		{238728E7-1A59-4A8C-917F-52E278BD0CD3}.Release|x86.ActiveCfg = Release|Any CPU
		{238728E7-1A59-4A8C-917F-52E278BD0CD3}.Release|x86.Build.0 = Release|Any CPU
		{A24960CB-8EE7-4755-96FF-524C723E2231}.Debug|Any CPU.ActiveCfg = Debug|Any CPU
		{A24960CB-8EE7-4755-96FF-524C723E2231}.Debug|Any CPU.Build.0 = Debug|Any CPU
		{A24960CB-8EE7-4755-96FF-524C723E2231}.Debug|x64.ActiveCfg = Debug|Any CPU
		{A24960CB-8EE7-4755-96FF-524C723E2231}.Debug|x64.Build.0 = Debug|Any CPU
		{A24960CB-8EE7-4755-96FF-524C723E2231}.Debug|x86.ActiveCfg = Debug|Any CPU
		{A24960CB-8EE7-4755-96FF-524C723E2231}.Debug|x86.Build.0 = Debug|Any CPU
		{A24960CB-8EE7-4755-96FF-524C723E2231}.Release|Any CPU.ActiveCfg = Release|Any CPU
		{A24960CB-8EE7-4755-96FF-524C723E2231}.Release|Any CPU.Build.0 = Release|Any CPU
		{A24960CB-8EE7-4755-96FF-524C723E2231}.Release|x64.ActiveCfg = Release|Any CPU
		{A24960CB-8EE7-4755-96FF-524C723E2231}.Release|x64.Build.0 = Release|Any CPU
		{A24960CB-8EE7-4755-96FF-524C723E2231}.Release|x86.ActiveCfg = Release|Any CPU
		{A24960CB-8EE7-4755-96FF-524C723E2231}.Release|x86.Build.0 = Release|Any CPU
		{723F13CD-6788-4611-8CF3-1DCDCE715198}.Debug|Any CPU.ActiveCfg = Debug|Any CPU
		{723F13CD-6788-4611-8CF3-1DCDCE715198}.Debug|Any CPU.Build.0 = Debug|Any CPU
		{723F13CD-6788-4611-8CF3-1DCDCE715198}.Debug|x64.ActiveCfg = Debug|Any CPU
		{723F13CD-6788-4611-8CF3-1DCDCE715198}.Debug|x64.Build.0 = Debug|Any CPU
		{723F13CD-6788-4611-8CF3-1DCDCE715198}.Debug|x86.ActiveCfg = Debug|Any CPU
		{723F13CD-6788-4611-8CF3-1DCDCE715198}.Debug|x86.Build.0 = Debug|Any CPU
		{723F13CD-6788-4611-8CF3-1DCDCE715198}.Release|Any CPU.ActiveCfg = Release|Any CPU
		{723F13CD-6788-4611-8CF3-1DCDCE715198}.Release|Any CPU.Build.0 = Release|Any CPU
		{723F13CD-6788-4611-8CF3-1DCDCE715198}.Release|x64.ActiveCfg = Release|Any CPU
		{723F13CD-6788-4611-8CF3-1DCDCE715198}.Release|x64.Build.0 = Release|Any CPU
		{723F13CD-6788-4611-8CF3-1DCDCE715198}.Release|x86.ActiveCfg = Release|Any CPU
		{723F13CD-6788-4611-8CF3-1DCDCE715198}.Release|x86.Build.0 = Release|Any CPU
		{744E17A7-929B-41CD-9437-379B40A2297F}.Debug|Any CPU.ActiveCfg = Debug|Any CPU
		{744E17A7-929B-41CD-9437-379B40A2297F}.Debug|Any CPU.Build.0 = Debug|Any CPU
		{744E17A7-929B-41CD-9437-379B40A2297F}.Debug|x64.ActiveCfg = Debug|Any CPU
		{744E17A7-929B-41CD-9437-379B40A2297F}.Debug|x64.Build.0 = Debug|Any CPU
		{744E17A7-929B-41CD-9437-379B40A2297F}.Debug|x86.ActiveCfg = Debug|Any CPU
		{744E17A7-929B-41CD-9437-379B40A2297F}.Debug|x86.Build.0 = Debug|Any CPU
		{744E17A7-929B-41CD-9437-379B40A2297F}.Release|Any CPU.ActiveCfg = Release|Any CPU
		{744E17A7-929B-41CD-9437-379B40A2297F}.Release|Any CPU.Build.0 = Release|Any CPU
		{744E17A7-929B-41CD-9437-379B40A2297F}.Release|x64.ActiveCfg = Release|Any CPU
		{744E17A7-929B-41CD-9437-379B40A2297F}.Release|x64.Build.0 = Release|Any CPU
		{744E17A7-929B-41CD-9437-379B40A2297F}.Release|x86.ActiveCfg = Release|Any CPU
		{744E17A7-929B-41CD-9437-379B40A2297F}.Release|x86.Build.0 = Release|Any CPU
	EndGlobalSection
	GlobalSection(SolutionProperties) = preSolution
		HideSolutionNode = FALSE
	EndGlobalSection
	GlobalSection(NestedProjects) = preSolution
		{87917B1C-44B1-42B9-A7DB-45B5B451B7B7} = {827E0CD3-B72D-47B6-A68D-7590B98EB39B}
		{238728E7-1A59-4A8C-917F-52E278BD0CD3} = {827E0CD3-B72D-47B6-A68D-7590B98EB39B}
		{A24960CB-8EE7-4755-96FF-524C723E2231} = {827E0CD3-B72D-47B6-A68D-7590B98EB39B}
		{723F13CD-6788-4611-8CF3-1DCDCE715198} = {827E0CD3-B72D-47B6-A68D-7590B98EB39B}
		{744E17A7-929B-41CD-9437-379B40A2297F} = {827E0CD3-B72D-47B6-A68D-7590B98EB39B}
	EndGlobalSection
EndGlobal
